
Microsoft Visual Studio Solution File, Format Version 12.00
# Visual Studio Version 17
VisualStudioVersion = 17.7.34202.233
MinimumVisualStudioVersion = 10.0.40219.1
Project("{FAE04EC0-301F-11D3-BF4B-00C04F79EFBC}") = "P6_1_714220058", "P6_1_714220058\P6_1_714220058.csproj", "{C348BFBA-91BF-466A-B01C-C2AD754B6203}"
EndProject
Global
	GlobalSection(SolutionConfigurationPlatforms) = preSolution
		Debug|Any CPU = Debug|Any CPU
		Release|Any CPU = Release|Any CPU
	EndGlobalSection
	GlobalSection(ProjectConfigurationPlatforms) = postSolution
		{C348BFBA-91BF-466A-B01C-C2AD754B6203}.Debug|Any CPU.ActiveCfg = Debug|Any CPU
		{C348BFBA-91BF-466A-B01C-C2AD754B6203}.Debug|Any CPU.Build.0 = Debug|Any CPU
		{C348BFBA-91BF-466A-B01C-C2AD754B6203}.Release|Any CPU.ActiveCfg = Release|Any CPU
		{C348BFBA-91BF-466A-B01C-C2AD754B6203}.Release|Any CPU.Build.0 = Release|Any CPU
	EndGlobalSection
	GlobalSection(SolutionProperties) = preSolution
		HideSolutionNode = FALSE
	EndGlobalSection
	GlobalSection(ExtensibilityGlobals) = postSolution
		SolutionGuid = {9E14968E-542E-4536-B78B-A9FFADBCA9B6}
	EndGlobalSection
EndGlobal
