
Microsoft Visual Studio Solution File, Format Version 12.00
# Visual Studio Version 17
VisualStudioVersion = 17.7.34202.233
MinimumVisualStudioVersion = 10.0.40219.1
Project("{FAE04EC0-301F-11D3-BF4B-00C04F79EFBC}") = "ATS_714220058", "ATS_714220058\ATS_714220058.csproj", "{8875657A-438E-4188-892D-C4A65A461ED6}"
EndProject
Global
	GlobalSection(SolutionConfigurationPlatforms) = preSolution
		Debug|Any CPU = Debug|Any CPU
		Release|Any CPU = Release|Any CPU
	EndGlobalSection
	GlobalSection(ProjectConfigurationPlatforms) = postSolution
		{8875657A-438E-4188-892D-C4A65A461ED6}.Debug|Any CPU.ActiveCfg = Debug|Any CPU
		{8875657A-438E-4188-892D-C4A65A461ED6}.Debug|Any CPU.Build.0 = Debug|Any CPU
		{8875657A-438E-4188-892D-C4A65A461ED6}.Release|Any CPU.ActiveCfg = Release|Any CPU
		{8875657A-438E-4188-892D-C4A65A461ED6}.Release|Any CPU.Build.0 = Release|Any CPU
	EndGlobalSection
	GlobalSection(SolutionProperties) = preSolution
		HideSolutionNode = FALSE
	EndGlobalSection
	GlobalSection(ExtensibilityGlobals) = postSolution
		SolutionGuid = {F8BCC5B5-D00D-4982-B08B-DF5A8FAD227C}
	EndGlobalSection
EndGlobal
