
Microsoft Visual Studio Solution File, Format Version 12.00
# Visual Studio Version 17
VisualStudioVersion = 17.7.34202.233
MinimumVisualStudioVersion = 10.0.40219.1
Project("{FAE04EC0-301F-11D3-BF4B-00C04F79EFBC}") = "P10_714220058", "P10_714220058\P10_714220058.csproj", "{9C647AB2-31D0-4393-BC12-4B4D5F075A45}"
EndProject
Global
	GlobalSection(SolutionConfigurationPlatforms) = preSolution
		Debug|Any CPU = Debug|Any CPU
		Release|Any CPU = Release|Any CPU
	EndGlobalSection
	GlobalSection(ProjectConfigurationPlatforms) = postSolution
		{9C647AB2-31D0-4393-BC12-4B4D5F075A45}.Debug|Any CPU.ActiveCfg = Debug|Any CPU
		{9C647AB2-31D0-4393-BC12-4B4D5F075A45}.Debug|Any CPU.Build.0 = Debug|Any CPU
		{9C647AB2-31D0-4393-BC12-4B4D5F075A45}.Release|Any CPU.ActiveCfg = Release|Any CPU
		{9C647AB2-31D0-4393-BC12-4B4D5F075A45}.Release|Any CPU.Build.0 = Release|Any CPU
	EndGlobalSection
	GlobalSection(SolutionProperties) = preSolution
		HideSolutionNode = FALSE
	EndGlobalSection
	GlobalSection(ExtensibilityGlobals) = postSolution
		SolutionGuid = {16B223D6-52CB-4947-AC15-37CF7F7A3DA7}
	EndGlobalSection
EndGlobal
