
Microsoft Visual Studio Solution File, Format Version 12.00
# Visual Studio Version 17
VisualStudioVersion = 17.7.34202.233
MinimumVisualStudioVersion = 10.0.40219.1
Project("{FAE04EC0-301F-11D3-BF4B-00C04F79EFBC}") = "P4_3_714220058_", "P4_3_714220058_\P4_3_714220058_.csproj", "{F5786536-CFA1-4755-B39A-79BB5F9E3F75}"
EndProject
Global
	GlobalSection(SolutionConfigurationPlatforms) = preSolution
		Debug|Any CPU = Debug|Any CPU
		Release|Any CPU = Release|Any CPU
	EndGlobalSection
	GlobalSection(ProjectConfigurationPlatforms) = postSolution
		{F5786536-CFA1-4755-B39A-79BB5F9E3F75}.Debug|Any CPU.ActiveCfg = Debug|Any CPU
		{F5786536-CFA1-4755-B39A-79BB5F9E3F75}.Debug|Any CPU.Build.0 = Debug|Any CPU
		{F5786536-CFA1-4755-B39A-79BB5F9E3F75}.Release|Any CPU.ActiveCfg = Release|Any CPU
		{F5786536-CFA1-4755-B39A-79BB5F9E3F75}.Release|Any CPU.Build.0 = Release|Any CPU
	EndGlobalSection
	GlobalSection(SolutionProperties) = preSolution
		HideSolutionNode = FALSE
	EndGlobalSection
	GlobalSection(ExtensibilityGlobals) = postSolution
		SolutionGuid = {0E9249EA-D247-49DE-9D18-90507B9CFA32}
	EndGlobalSection
EndGlobal
