
Microsoft Visual Studio Solution File, Format Version 12.00
# Visual Studio Version 17
VisualStudioVersion = 17.7.34202.233
MinimumVisualStudioVersion = 10.0.40219.1
Project("{FAE04EC0-301F-11D3-BF4B-00C04F79EFBC}") = "P5_4_714220058_", "P5_4_714220058_\P5_4_714220058_.csproj", "{734B58EF-CDD4-46C1-B1BC-93617CD613F6}"
EndProject
Global
	GlobalSection(SolutionConfigurationPlatforms) = preSolution
		Debug|Any CPU = Debug|Any CPU
		Release|Any CPU = Release|Any CPU
	EndGlobalSection
	GlobalSection(ProjectConfigurationPlatforms) = postSolution
		{734B58EF-CDD4-46C1-B1BC-93617CD613F6}.Debug|Any CPU.ActiveCfg = Debug|Any CPU
		{734B58EF-CDD4-46C1-B1BC-93617CD613F6}.Debug|Any CPU.Build.0 = Debug|Any CPU
		{734B58EF-CDD4-46C1-B1BC-93617CD613F6}.Release|Any CPU.ActiveCfg = Release|Any CPU
		{734B58EF-CDD4-46C1-B1BC-93617CD613F6}.Release|Any CPU.Build.0 = Release|Any CPU
	EndGlobalSection
	GlobalSection(SolutionProperties) = preSolution
		HideSolutionNode = FALSE
	EndGlobalSection
	GlobalSection(ExtensibilityGlobals) = postSolution
		SolutionGuid = {83E55E44-1848-4FED-8B14-C16939929796}
	EndGlobalSection
EndGlobal
